{
    "version": 3,
    "terraform_version": "0.11.13",
    "serial": 54,
    "lineage": "3fbadeb8-ef34-ac6b-e2a5-05d955ec6f8f",
    "modules": [
        {
            "path": [
                "root"
            ],
            "outputs": {},
            "resources": {
                "aws_eip.test_eip": {
                    "type": "aws_eip",
                    "depends_on": [
                        "aws_internet_gateway.gw"
                    ],
                    "primary": {
                        "id": "eipalloc-03a367d7bb8424a47",
                        "attributes": {
                            "association_id": "eipassoc-06f861fa0cc9ca31b",
                            "domain": "vpc",
                            "id": "eipalloc-03a367d7bb8424a47",
                            "instance": "",
                            "network_interface": "eni-0559ed8b6df9eb542",
                            "private_dns": "ip-172-31-1-163.ec2.internal",
                            "private_ip": "172.31.1.163",
                            "public_dns": "ec2-34-238-59-171.compute-1.amazonaws.com",
                            "public_ip": "34.238.59.171",
                            "public_ipv4_pool": "amazon",
                            "tags.%": "0",
                            "vpc": "true"
                        },
                        "meta": {
                            "e2bfb730-ecaa-11e6-8f88-34363bc7c4c0": {
                                "delete": 180000000000,
                                "read": 900000000000,
                                "update": 300000000000
                            }
                        },
                        "tainted": false
                    },
                    "deposed": [],
                    "provider": "provider.aws"
                },
                "aws_eip.web_eip": {
                    "type": "aws_eip",
                    "depends_on": [
                        "aws_instance.webserver",
                        "aws_internet_gateway.gw"
                    ],
                    "primary": {
                        "id": "eipalloc-0fb14bdfb9891fa6d",
                        "attributes": {
                            "association_id": "eipassoc-0198bc960365a2e2a",
                            "domain": "vpc",
                            "id": "eipalloc-0fb14bdfb9891fa6d",
                            "instance": "i-0507eae54ed73900c",
                            "network_interface": "eni-0d718beab9bf67d0f",
                            "private_dns": "ip-172-31-1-236.ec2.internal",
                            "private_ip": "172.31.1.236",
                            "public_dns": "ec2-18-235-223-131.compute-1.amazonaws.com",
                            "public_ip": "18.235.223.131",
                            "public_ipv4_pool": "amazon",
                            "tags.%": "0",
                            "vpc": "true"
                        },
                        "meta": {
                            "e2bfb730-ecaa-11e6-8f88-34363bc7c4c0": {
                                "delete": 180000000000,
                                "read": 900000000000,
                                "update": 300000000000
                            }
                        },
                        "tainted": false
                    },
                    "deposed": [],
                    "provider": "provider.aws"
                },
                "aws_instance.kubernetes": {
                    "type": "aws_instance",
                    "depends_on": [
                        "aws_security_group.sgweb",
                        "aws_subnet.private-subnet"
                    ],
                    "primary": {
                        "id": "i-090b38b58ed7131ba",
                        "attributes": {
                            "ami": "ami-0a313d6098716f372",
                            "arn": "arn:aws:ec2:us-east-1:891034363136:instance/i-090b38b58ed7131ba",
                            "associate_public_ip_address": "false",
                            "availability_zone": "us-east-1a",
                            "cpu_core_count": "1",
                            "cpu_threads_per_core": "1",
                            "credit_specification.#": "1",
                            "credit_specification.0.cpu_credits": "standard",
                            "disable_api_termination": "false",
                            "ebs_block_device.#": "0",
                            "ebs_optimized": "false",
                            "ephemeral_block_device.#": "0",
                            "get_password_data": "false",
                            "iam_instance_profile": "",
                            "id": "i-090b38b58ed7131ba",
                            "instance_state": "running",
                            "instance_type": "t2.micro",
                            "ipv6_address_count": "0",
                            "ipv6_addresses.#": "0",
                            "key_name": "testkey",
                            "monitoring": "false",
                            "network_interface.#": "0",
                            "password_data": "",
                            "placement_group": "",
                            "primary_network_interface_id": "eni-091850ee6ca3442c0",
                            "private_dns": "ip-172-31-2-62.ec2.internal",
                            "private_ip": "172.31.2.62",
                            "public_dns": "",
                            "public_ip": "",
                            "root_block_device.#": "1",
                            "root_block_device.0.delete_on_termination": "true",
                            "root_block_device.0.iops": "100",
                            "root_block_device.0.volume_id": "vol-07354d0be4618525b",
                            "root_block_device.0.volume_size": "8",
                            "root_block_device.0.volume_type": "gp2",
                            "security_groups.#": "0",
                            "source_dest_check": "false",
                            "subnet_id": "subnet-0409b49dd7ee1dcc4",
                            "tags.%": "1",
                            "tags.Name": "kubernetes",
                            "tenancy": "default",
                            "user_data": "d24aed25c69cec0028db9ef7d674d211af593da5",
                            "volume_tags.%": "0",
                            "vpc_security_group_ids.#": "1",
                            "vpc_security_group_ids.2020212454": "sg-0b6a6c26a11cbd4f2"
                        },
                        "meta": {
                            "e2bfb730-ecaa-11e6-8f88-34363bc7c4c0": {
                                "create": 600000000000,
                                "delete": 1200000000000,
                                "update": 600000000000
                            },
                            "schema_version": "1"
                        },
                        "tainted": false
                    },
                    "deposed": [],
                    "provider": "provider.aws"
                },
                "aws_instance.webserver": {
                    "type": "aws_instance",
                    "depends_on": [
                        "aws_security_group.sgweb",
                        "aws_subnet.public-subnet"
                    ],
                    "primary": {
                        "id": "i-0507eae54ed73900c",
                        "attributes": {
                            "ami": "ami-0a313d6098716f372",
                            "arn": "arn:aws:ec2:us-east-1:891034363136:instance/i-0507eae54ed73900c",
                            "associate_public_ip_address": "true",
                            "availability_zone": "us-east-1a",
                            "cpu_core_count": "1",
                            "cpu_threads_per_core": "1",
                            "credit_specification.#": "1",
                            "credit_specification.0.cpu_credits": "standard",
                            "disable_api_termination": "false",
                            "ebs_block_device.#": "0",
                            "ebs_optimized": "false",
                            "ephemeral_block_device.#": "0",
                            "get_password_data": "false",
                            "iam_instance_profile": "",
                            "id": "i-0507eae54ed73900c",
                            "instance_state": "running",
                            "instance_type": "t2.micro",
                            "ipv6_address_count": "0",
                            "ipv6_addresses.#": "0",
                            "key_name": "testkey",
                            "monitoring": "false",
                            "network_interface.#": "0",
                            "password_data": "",
                            "placement_group": "",
                            "primary_network_interface_id": "eni-0d718beab9bf67d0f",
                            "private_dns": "ip-172-31-1-236.ec2.internal",
                            "private_ip": "172.31.1.236",
                            "public_dns": "ec2-18-235-223-131.compute-1.amazonaws.com",
                            "public_ip": "18.235.223.131",
                            "root_block_device.#": "1",
                            "root_block_device.0.delete_on_termination": "true",
                            "root_block_device.0.iops": "100",
                            "root_block_device.0.volume_id": "vol-024250dd23483d168",
                            "root_block_device.0.volume_size": "8",
                            "root_block_device.0.volume_type": "gp2",
                            "security_groups.#": "0",
                            "source_dest_check": "false",
                            "subnet_id": "subnet-0fc5d5eb25c005774",
                            "tags.%": "1",
                            "tags.Name": "webserver",
                            "tenancy": "default",
                            "user_data": "1e4d1dd17242b8d2b4156ecb17ae2d7e1e284691",
                            "volume_tags.%": "0",
                            "vpc_security_group_ids.#": "1",
                            "vpc_security_group_ids.2020212454": "sg-0b6a6c26a11cbd4f2"
                        },
                        "meta": {
                            "e2bfb730-ecaa-11e6-8f88-34363bc7c4c0": {
                                "create": 600000000000,
                                "delete": 1200000000000,
                                "update": 600000000000
                            },
                            "schema_version": "1"
                        },
                        "tainted": false
                    },
                    "deposed": [],
                    "provider": "provider.aws"
                },
                "aws_internet_gateway.gw": {
                    "type": "aws_internet_gateway",
                    "depends_on": [
                        "aws_vpc.default"
                    ],
                    "primary": {
                        "id": "igw-02efb148771626a10",
                        "attributes": {
                            "id": "igw-02efb148771626a10",
                            "owner_id": "891034363136",
                            "tags.%": "1",
                            "tags.Name": "VPC IGW",
                            "vpc_id": "vpc-01920cf2fd4b50d29"
                        },
                        "meta": {},
                        "tainted": false
                    },
                    "deposed": [],
                    "provider": "provider.aws"
                },
                "aws_main_route_table_association.main-rt": {
                    "type": "aws_main_route_table_association",
                    "depends_on": [
                        "aws_route_table.private-rt",
                        "aws_vpc.default"
                    ],
                    "primary": {
                        "id": "rtbassoc-0868bdce7c3f6a2a0",
                        "attributes": {
                            "id": "rtbassoc-0868bdce7c3f6a2a0",
                            "original_route_table_id": "rtb-0cd6f7e9a02f4c801",
                            "route_table_id": "rtb-0631a3adcd34d9933",
                            "vpc_id": "vpc-01920cf2fd4b50d29"
                        },
                        "meta": {},
                        "tainted": false
                    },
                    "deposed": [],
                    "provider": "provider.aws"
                },
                "aws_nat_gateway.nat": {
                    "type": "aws_nat_gateway",
                    "depends_on": [
                        "aws_eip.test_eip",
                        "aws_internet_gateway.gw",
                        "aws_subnet.public-subnet"
                    ],
                    "primary": {
                        "id": "nat-09c59e79366b8108d",
                        "attributes": {
                            "allocation_id": "eipalloc-03a367d7bb8424a47",
                            "id": "nat-09c59e79366b8108d",
                            "network_interface_id": "eni-0559ed8b6df9eb542",
                            "private_ip": "172.31.1.163",
                            "public_ip": "34.238.59.171",
                            "subnet_id": "subnet-0fc5d5eb25c005774",
                            "tags.%": "0"
                        },
                        "meta": {},
                        "tainted": false
                    },
                    "deposed": [],
                    "provider": "provider.aws"
                },
                "aws_route.internet_access": {
                    "type": "aws_route",
                    "depends_on": [
                        "aws_internet_gateway.gw",
                        "aws_route_table.web-public-rt"
                    ],
                    "primary": {
                        "id": "r-rtb-081cdcce94bae62a21080289494",
                        "attributes": {
                            "destination_cidr_block": "0.0.0.0/0",
                            "destination_prefix_list_id": "",
                            "egress_only_gateway_id": "",
                            "gateway_id": "igw-02efb148771626a10",
                            "id": "r-rtb-081cdcce94bae62a21080289494",
                            "instance_id": "",
                            "instance_owner_id": "",
                            "nat_gateway_id": "",
                            "network_interface_id": "",
                            "origin": "CreateRoute",
                            "route_table_id": "rtb-081cdcce94bae62a2",
                            "state": "active",
                            "transit_gateway_id": "",
                            "vpc_peering_connection_id": ""
                        },
                        "meta": {
                            "e2bfb730-ecaa-11e6-8f88-34363bc7c4c0": {
                                "create": 120000000000,
                                "delete": 300000000000
                            }
                        },
                        "tainted": false
                    },
                    "deposed": [],
                    "provider": "provider.aws"
                },
                "aws_route_table.private-rt": {
                    "type": "aws_route_table",
                    "depends_on": [
                        "aws_nat_gateway.nat",
                        "aws_vpc.default"
                    ],
                    "primary": {
                        "id": "rtb-0631a3adcd34d9933",
                        "attributes": {
                            "id": "rtb-0631a3adcd34d9933",
                            "owner_id": "891034363136",
                            "propagating_vgws.#": "0",
                            "route.#": "1",
                            "route.1556386123.cidr_block": "0.0.0.0/0",
                            "route.1556386123.egress_only_gateway_id": "",
                            "route.1556386123.gateway_id": "",
                            "route.1556386123.instance_id": "",
                            "route.1556386123.ipv6_cidr_block": "",
                            "route.1556386123.nat_gateway_id": "nat-09c59e79366b8108d",
                            "route.1556386123.network_interface_id": "",
                            "route.1556386123.transit_gateway_id": "",
                            "route.1556386123.vpc_peering_connection_id": "",
                            "tags.%": "1",
                            "tags.Name": "Private Subnet RT",
                            "vpc_id": "vpc-01920cf2fd4b50d29"
                        },
                        "meta": {},
                        "tainted": false
                    },
                    "deposed": [],
                    "provider": "provider.aws"
                },
                "aws_route_table.web-public-rt": {
                    "type": "aws_route_table",
                    "depends_on": [
                        "aws_internet_gateway.gw",
                        "aws_vpc.default"
                    ],
                    "primary": {
                        "id": "rtb-081cdcce94bae62a2",
                        "attributes": {
                            "id": "rtb-081cdcce94bae62a2",
                            "owner_id": "891034363136",
                            "propagating_vgws.#": "0",
                            "route.#": "1",
                            "route.2410305663.cidr_block": "0.0.0.0/0",
                            "route.2410305663.egress_only_gateway_id": "",
                            "route.2410305663.gateway_id": "igw-02efb148771626a10",
                            "route.2410305663.instance_id": "",
                            "route.2410305663.ipv6_cidr_block": "",
                            "route.2410305663.nat_gateway_id": "",
                            "route.2410305663.network_interface_id": "",
                            "route.2410305663.transit_gateway_id": "",
                            "route.2410305663.vpc_peering_connection_id": "",
                            "tags.%": "1",
                            "tags.Name": "Public Subnet RT",
                            "vpc_id": "vpc-01920cf2fd4b50d29"
                        },
                        "meta": {},
                        "tainted": false
                    },
                    "deposed": [],
                    "provider": "provider.aws"
                },
                "aws_route_table_association.private-rt-ass": {
                    "type": "aws_route_table_association",
                    "depends_on": [
                        "aws_route_table.private-rt",
                        "aws_subnet.private-subnet"
                    ],
                    "primary": {
                        "id": "rtbassoc-0a42bb89c4c4846cb",
                        "attributes": {
                            "id": "rtbassoc-0a42bb89c4c4846cb",
                            "route_table_id": "rtb-0631a3adcd34d9933",
                            "subnet_id": "subnet-0409b49dd7ee1dcc4"
                        },
                        "meta": {},
                        "tainted": false
                    },
                    "deposed": [],
                    "provider": "provider.aws"
                },
                "aws_route_table_association.web-public-rt-ass": {
                    "type": "aws_route_table_association",
                    "depends_on": [
                        "aws_route_table.web-public-rt",
                        "aws_subnet.public-subnet"
                    ],
                    "primary": {
                        "id": "rtbassoc-05421911f81cb7261",
                        "attributes": {
                            "id": "rtbassoc-05421911f81cb7261",
                            "route_table_id": "rtb-081cdcce94bae62a2",
                            "subnet_id": "subnet-0fc5d5eb25c005774"
                        },
                        "meta": {},
                        "tainted": false
                    },
                    "deposed": [],
                    "provider": "provider.aws"
                },
                "aws_security_group.kubectl": {
                    "type": "aws_security_group",
                    "depends_on": [
                        "aws_vpc.default"
                    ],
                    "primary": {
                        "id": "sg-0496a19571be1f1b4",
                        "attributes": {
                            "arn": "arn:aws:ec2:us-east-1:891034363136:security-group/sg-0496a19571be1f1b4",
                            "description": "Allow incoming HTTP connections \u0026 SSH access",
                            "egress.#": "1",
                            "egress.1403647648.cidr_blocks.#": "1",
                            "egress.1403647648.cidr_blocks.0": "0.0.0.0/0",
                            "egress.1403647648.description": "",
                            "egress.1403647648.from_port": "0",
                            "egress.1403647648.ipv6_cidr_blocks.#": "0",
                            "egress.1403647648.prefix_list_ids.#": "0",
                            "egress.1403647648.protocol": "tcp",
                            "egress.1403647648.security_groups.#": "0",
                            "egress.1403647648.self": "false",
                            "egress.1403647648.to_port": "65535",
                            "id": "sg-0496a19571be1f1b4",
                            "ingress.#": "2",
                            "ingress.3754185495.cidr_blocks.#": "1",
                            "ingress.3754185495.cidr_blocks.0": "172.31.0.0/16",
                            "ingress.3754185495.description": "",
                            "ingress.3754185495.from_port": "-1",
                            "ingress.3754185495.ipv6_cidr_blocks.#": "0",
                            "ingress.3754185495.prefix_list_ids.#": "0",
                            "ingress.3754185495.protocol": "icmp",
                            "ingress.3754185495.security_groups.#": "0",
                            "ingress.3754185495.self": "false",
                            "ingress.3754185495.to_port": "-1",
                            "ingress.443366489.cidr_blocks.#": "1",
                            "ingress.443366489.cidr_blocks.0": "172.31.0.0/16",
                            "ingress.443366489.description": "",
                            "ingress.443366489.from_port": "22",
                            "ingress.443366489.ipv6_cidr_blocks.#": "0",
                            "ingress.443366489.prefix_list_ids.#": "0",
                            "ingress.443366489.protocol": "tcp",
                            "ingress.443366489.security_groups.#": "0",
                            "ingress.443366489.self": "false",
                            "ingress.443366489.to_port": "22",
                            "name": "kub-access",
                            "owner_id": "891034363136",
                            "revoke_rules_on_delete": "false",
                            "tags.%": "1",
                            "tags.Name": "Kubernetes SG",
                            "vpc_id": "vpc-01920cf2fd4b50d29"
                        },
                        "meta": {
                            "e2bfb730-ecaa-11e6-8f88-34363bc7c4c0": {
                                "create": 600000000000,
                                "delete": 600000000000
                            },
                            "schema_version": "1"
                        },
                        "tainted": false
                    },
                    "deposed": [],
                    "provider": "provider.aws"
                },
                "aws_security_group.sgweb": {
                    "type": "aws_security_group",
                    "depends_on": [
                        "aws_vpc.default"
                    ],
                    "primary": {
                        "id": "sg-0b6a6c26a11cbd4f2",
                        "attributes": {
                            "arn": "arn:aws:ec2:us-east-1:891034363136:security-group/sg-0b6a6c26a11cbd4f2",
                            "description": "Allow incoming HTTP connections \u0026 SSH access",
                            "egress.#": "1",
                            "egress.1403647648.cidr_blocks.#": "1",
                            "egress.1403647648.cidr_blocks.0": "0.0.0.0/0",
                            "egress.1403647648.description": "",
                            "egress.1403647648.from_port": "0",
                            "egress.1403647648.ipv6_cidr_blocks.#": "0",
                            "egress.1403647648.prefix_list_ids.#": "0",
                            "egress.1403647648.protocol": "tcp",
                            "egress.1403647648.security_groups.#": "0",
                            "egress.1403647648.self": "false",
                            "egress.1403647648.to_port": "65535",
                            "id": "sg-0b6a6c26a11cbd4f2",
                            "ingress.#": "4",
                            "ingress.1799340084.cidr_blocks.#": "1",
                            "ingress.1799340084.cidr_blocks.0": "0.0.0.0/0",
                            "ingress.1799340084.description": "",
                            "ingress.1799340084.from_port": "-1",
                            "ingress.1799340084.ipv6_cidr_blocks.#": "0",
                            "ingress.1799340084.prefix_list_ids.#": "0",
                            "ingress.1799340084.protocol": "icmp",
                            "ingress.1799340084.security_groups.#": "0",
                            "ingress.1799340084.self": "false",
                            "ingress.1799340084.to_port": "-1",
                            "ingress.2214680975.cidr_blocks.#": "1",
                            "ingress.2214680975.cidr_blocks.0": "0.0.0.0/0",
                            "ingress.2214680975.description": "",
                            "ingress.2214680975.from_port": "80",
                            "ingress.2214680975.ipv6_cidr_blocks.#": "0",
                            "ingress.2214680975.prefix_list_ids.#": "0",
                            "ingress.2214680975.protocol": "tcp",
                            "ingress.2214680975.security_groups.#": "0",
                            "ingress.2214680975.self": "false",
                            "ingress.2214680975.to_port": "80",
                            "ingress.2541437006.cidr_blocks.#": "1",
                            "ingress.2541437006.cidr_blocks.0": "0.0.0.0/0",
                            "ingress.2541437006.description": "",
                            "ingress.2541437006.from_port": "22",
                            "ingress.2541437006.ipv6_cidr_blocks.#": "0",
                            "ingress.2541437006.prefix_list_ids.#": "0",
                            "ingress.2541437006.protocol": "tcp",
                            "ingress.2541437006.security_groups.#": "0",
                            "ingress.2541437006.self": "false",
                            "ingress.2541437006.to_port": "22",
                            "ingress.2617001939.cidr_blocks.#": "1",
                            "ingress.2617001939.cidr_blocks.0": "0.0.0.0/0",
                            "ingress.2617001939.description": "",
                            "ingress.2617001939.from_port": "443",
                            "ingress.2617001939.ipv6_cidr_blocks.#": "0",
                            "ingress.2617001939.prefix_list_ids.#": "0",
                            "ingress.2617001939.protocol": "tcp",
                            "ingress.2617001939.security_groups.#": "0",
                            "ingress.2617001939.self": "false",
                            "ingress.2617001939.to_port": "443",
                            "name": "vpc_test_web",
                            "owner_id": "891034363136",
                            "revoke_rules_on_delete": "false",
                            "tags.%": "1",
                            "tags.Name": "Web Server SG",
                            "vpc_id": "vpc-01920cf2fd4b50d29"
                        },
                        "meta": {
                            "e2bfb730-ecaa-11e6-8f88-34363bc7c4c0": {
                                "create": 600000000000,
                                "delete": 600000000000
                            },
                            "schema_version": "1"
                        },
                        "tainted": false
                    },
                    "deposed": [],
                    "provider": "provider.aws"
                },
                "aws_subnet.private-subnet": {
                    "type": "aws_subnet",
                    "depends_on": [
                        "aws_vpc.default"
                    ],
                    "primary": {
                        "id": "subnet-0409b49dd7ee1dcc4",
                        "attributes": {
                            "arn": "arn:aws:ec2:us-east-1:891034363136:subnet/subnet-0409b49dd7ee1dcc4",
                            "assign_ipv6_address_on_creation": "false",
                            "availability_zone": "us-east-1a",
                            "availability_zone_id": "use1-az4",
                            "cidr_block": "172.31.2.0/24",
                            "id": "subnet-0409b49dd7ee1dcc4",
                            "ipv6_cidr_block": "",
                            "ipv6_cidr_block_association_id": "",
                            "map_public_ip_on_launch": "false",
                            "owner_id": "891034363136",
                            "tags.%": "1",
                            "tags.Name": "Kubernetes Private Subnet",
                            "vpc_id": "vpc-01920cf2fd4b50d29"
                        },
                        "meta": {
                            "e2bfb730-ecaa-11e6-8f88-34363bc7c4c0": {
                                "create": 600000000000,
                                "delete": 600000000000
                            },
                            "schema_version": "1"
                        },
                        "tainted": false
                    },
                    "deposed": [],
                    "provider": "provider.aws"
                },
                "aws_subnet.public-subnet": {
                    "type": "aws_subnet",
                    "depends_on": [
                        "aws_vpc.default"
                    ],
                    "primary": {
                        "id": "subnet-0fc5d5eb25c005774",
                        "attributes": {
                            "arn": "arn:aws:ec2:us-east-1:891034363136:subnet/subnet-0fc5d5eb25c005774",
                            "assign_ipv6_address_on_creation": "false",
                            "availability_zone": "us-east-1a",
                            "availability_zone_id": "use1-az4",
                            "cidr_block": "172.31.1.0/24",
                            "id": "subnet-0fc5d5eb25c005774",
                            "ipv6_cidr_block": "",
                            "ipv6_cidr_block_association_id": "",
                            "map_public_ip_on_launch": "false",
                            "owner_id": "891034363136",
                            "tags.%": "1",
                            "tags.Name": "Web Public Subnet",
                            "vpc_id": "vpc-01920cf2fd4b50d29"
                        },
                        "meta": {
                            "e2bfb730-ecaa-11e6-8f88-34363bc7c4c0": {
                                "create": 600000000000,
                                "delete": 600000000000
                            },
                            "schema_version": "1"
                        },
                        "tainted": false
                    },
                    "deposed": [],
                    "provider": "provider.aws"
                },
                "aws_vpc.default": {
                    "type": "aws_vpc",
                    "depends_on": [],
                    "primary": {
                        "id": "vpc-01920cf2fd4b50d29",
                        "attributes": {
                            "arn": "arn:aws:ec2:us-east-1:891034363136:vpc/vpc-01920cf2fd4b50d29",
                            "assign_generated_ipv6_cidr_block": "false",
                            "cidr_block": "172.31.0.0/16",
                            "default_network_acl_id": "acl-08d3222a117e67d7b",
                            "default_route_table_id": "rtb-0631a3adcd34d9933",
                            "default_security_group_id": "sg-036413491c5f63ace",
                            "dhcp_options_id": "dopt-d8112fa3",
                            "enable_classiclink": "false",
                            "enable_classiclink_dns_support": "false",
                            "enable_dns_hostnames": "true",
                            "enable_dns_support": "true",
                            "id": "vpc-01920cf2fd4b50d29",
                            "instance_tenancy": "default",
                            "ipv6_association_id": "",
                            "ipv6_cidr_block": "",
                            "main_route_table_id": "rtb-0631a3adcd34d9933",
                            "owner_id": "891034363136",
                            "tags.%": "1",
                            "tags.Name": "test-vpc"
                        },
                        "meta": {
                            "schema_version": "1"
                        },
                        "tainted": false
                    },
                    "deposed": [],
                    "provider": "provider.aws"
                }
            },
            "depends_on": []
        }
    ]
}
